
Microsoft Visual Studio Solution File, Format Version 12.00
# Visual Studio Version 17
VisualStudioVersion = 17.11.35312.102
MinimumVisualStudioVersion = 10.0.40219.1
Project("{FAE04EC0-301F-11D3-BF4B-00C04F79EFBC}") = "UnityAPITester", "UnityAPITester\UnityAPITester.csproj", "{CE7E8BA0-D4C3-4AAA-9D01-A291E306CB59}"
EndProject
Global
	GlobalSection(SolutionConfigurationPlatforms) = preSolution
		Debug|Any CPU = Debug|Any CPU
		Release|Any CPU = Release|Any CPU
	EndGlobalSection
	GlobalSection(ProjectConfigurationPlatforms) = postSolution
		{CE7E8BA0-D4C3-4AAA-9D01-A291E306CB59}.Debug|Any CPU.ActiveCfg = Debug|Any CPU
		{CE7E8BA0-D4C3-4AAA-9D01-A291E306CB59}.Debug|Any CPU.Build.0 = Debug|Any CPU
		{CE7E8BA0-D4C3-4AAA-9D01-A291E306CB59}.Release|Any CPU.ActiveCfg = Release|Any CPU
		{CE7E8BA0-D4C3-4AAA-9D01-A291E306CB59}.Release|Any CPU.Build.0 = Release|Any CPU
	EndGlobalSection
	GlobalSection(SolutionProperties) = preSolution
		HideSolutionNode = FALSE
	EndGlobalSection
	GlobalSection(ExtensibilityGlobals) = postSolution
		SolutionGuid = {A846A68F-76DE-4EDF-97CD-BBEA13B9A170}
	EndGlobalSection
EndGlobal
